
Microsoft Visual Studio Solution File, Format Version 12.00
# Visual Studio Version 17
VisualStudioVersion = 17.2.32519.379
MinimumVisualStudioVersion = 10.0.40219.1
Project("{9A19103F-16F7-4668-BE54-9A1E7A4F7556}") = "MajesticAgency", "MajesticAgency\MajesticAgency.csproj", "{527D4890-CE0F-4295-8984-38F31B308DFB}"
EndProject
Project("{FAE04EC0-301F-11D3-BF4B-00C04F79EFBC}") = "Core", "Core\Core.csproj", "{60BBBA33-D162-4166-98A9-A2228E904202}"
EndProject
Project("{FAE04EC0-301F-11D3-BF4B-00C04F79EFBC}") = "Infrastructure", "Infrastructure\Infrastructure.csproj", "{41F06003-D249-4CA7-9B64-D169D2B7A9D1}"
EndProject
Global
	GlobalSection(SolutionConfigurationPlatforms) = preSolution
		Debug|Any CPU = Debug|Any CPU
		Release|Any CPU = Release|Any CPU
	EndGlobalSection
	GlobalSection(ProjectConfigurationPlatforms) = postSolution
		{527D4890-CE0F-4295-8984-38F31B308DFB}.Debug|Any CPU.ActiveCfg = Debug|Any CPU
		{527D4890-CE0F-4295-8984-38F31B308DFB}.Debug|Any CPU.Build.0 = Debug|Any CPU
		{527D4890-CE0F-4295-8984-38F31B308DFB}.Release|Any CPU.ActiveCfg = Release|Any CPU
		{527D4890-CE0F-4295-8984-38F31B308DFB}.Release|Any CPU.Build.0 = Release|Any CPU
		{60BBBA33-D162-4166-98A9-A2228E904202}.Debug|Any CPU.ActiveCfg = Debug|Any CPU
		{60BBBA33-D162-4166-98A9-A2228E904202}.Debug|Any CPU.Build.0 = Debug|Any CPU
		{60BBBA33-D162-4166-98A9-A2228E904202}.Release|Any CPU.ActiveCfg = Release|Any CPU
		{60BBBA33-D162-4166-98A9-A2228E904202}.Release|Any CPU.Build.0 = Release|Any CPU
		{41F06003-D249-4CA7-9B64-D169D2B7A9D1}.Debug|Any CPU.ActiveCfg = Debug|Any CPU
		{41F06003-D249-4CA7-9B64-D169D2B7A9D1}.Debug|Any CPU.Build.0 = Debug|Any CPU
		{41F06003-D249-4CA7-9B64-D169D2B7A9D1}.Release|Any CPU.ActiveCfg = Release|Any CPU
		{41F06003-D249-4CA7-9B64-D169D2B7A9D1}.Release|Any CPU.Build.0 = Release|Any CPU
	EndGlobalSection
	GlobalSection(SolutionProperties) = preSolution
		HideSolutionNode = FALSE
	EndGlobalSection
	GlobalSection(ExtensibilityGlobals) = postSolution
		SolutionGuid = {D43BCD19-2D39-49D1-B32C-A4F35B1591CD}
	EndGlobalSection
EndGlobal
